
Microsoft Visual Studio Solution File, Format Version 12.00
# Visual Studio Version 17
VisualStudioVersion = 17.10.34928.147
MinimumVisualStudioVersion = 10.0.40219.1
Project("{FAE04EC0-301F-11D3-BF4B-00C04F79EFBC}") = "ContactManager", "ContactManager\ContactManager.csproj", "{ED2F25BD-07D8-4EE6-AE22-52BD6A4611E1}"
EndProject
Project("{FAE04EC0-301F-11D3-BF4B-00C04F79EFBC}") = "TestProject1", "TestProject1\TestProject1.csproj", "{3C5682BD-46FA-4BAF-AA60-3BA6232F802E}"
EndProject
Global
	GlobalSection(SolutionConfigurationPlatforms) = preSolution
		Debug|Any CPU = Debug|Any CPU
		Release|Any CPU = Release|Any CPU
	EndGlobalSection
	GlobalSection(ProjectConfigurationPlatforms) = postSolution
		{ED2F25BD-07D8-4EE6-AE22-52BD6A4611E1}.Debug|Any CPU.ActiveCfg = Debug|Any CPU
		{ED2F25BD-07D8-4EE6-AE22-52BD6A4611E1}.Debug|Any CPU.Build.0 = Debug|Any CPU
		{ED2F25BD-07D8-4EE6-AE22-52BD6A4611E1}.Release|Any CPU.ActiveCfg = Release|Any CPU
		{ED2F25BD-07D8-4EE6-AE22-52BD6A4611E1}.Release|Any CPU.Build.0 = Release|Any CPU
		{3C5682BD-46FA-4BAF-AA60-3BA6232F802E}.Debug|Any CPU.ActiveCfg = Debug|Any CPU
		{3C5682BD-46FA-4BAF-AA60-3BA6232F802E}.Debug|Any CPU.Build.0 = Debug|Any CPU
		{3C5682BD-46FA-4BAF-AA60-3BA6232F802E}.Release|Any CPU.ActiveCfg = Release|Any CPU
		{3C5682BD-46FA-4BAF-AA60-3BA6232F802E}.Release|Any CPU.Build.0 = Release|Any CPU
	EndGlobalSection
	GlobalSection(SolutionProperties) = preSolution
		HideSolutionNode = FALSE
	EndGlobalSection
	GlobalSection(ExtensibilityGlobals) = postSolution
		SolutionGuid = {33EDA024-54DC-485A-8FA4-321517EFA2A4}
	EndGlobalSection
EndGlobal
